{
  "version": 4,
  "terraform_version": "0.12.24",
  "serial": 1,
  "lineage": "10fd60d8-8ba4-89a8-26eb-199005fa6190",
  "outputs": {},
  "resources": [
    {
      "mode": "managed",
      "type": "aws_vpc",
      "name": "myvpc",
      "provider": "provider.aws",
      "instances": [
        {
          "schema_version": 1,
          "attributes": {
            "arn": "arn:aws:ec2:us-west-2:178524951000:vpc/vpc-05f0fe5e256dbbc3d",
            "assign_generated_ipv6_cidr_block": false,
            "cidr_block": "10.0.0.0/16",
            "default_network_acl_id": "acl-04c65e3e2c46bff55",
            "default_route_table_id": "rtb-00a8f0040ed6dbb02",
            "default_security_group_id": "sg-00ebb94d00ce1393b",
            "dhcp_options_id": "dopt-94307dec",
            "enable_classiclink": false,
            "enable_classiclink_dns_support": false,
            "enable_dns_hostnames": false,
            "enable_dns_support": true,
            "id": "vpc-05f0fe5e256dbbc3d",
            "instance_tenancy": "default",
            "ipv6_association_id": "",
            "ipv6_cidr_block": "",
            "main_route_table_id": "rtb-00a8f0040ed6dbb02",
            "owner_id": "178524951000",
            "tags": null
          },
          "private": "eyJzY2hlbWFfdmVyc2lvbiI6IjEifQ=="
        }
      ]
    }
  ]
}
